
Microsoft Visual Studio Solution File, Format Version 12.00
# Visual Studio Version 16
VisualStudioVersion = 16.0.30114.105
MinimumVisualStudioVersion = 10.0.40219.1
Project("{FAE04EC0-301F-11D3-BF4B-00C04F79EFBC}") = "Encrypter", "Encrypter.csproj", "{DA7C5E45-2929-496D-BE30-B880F7C8F5AD}"
EndProject
Global
	GlobalSection(SolutionConfigurationPlatforms) = preSolution
		Debug|Any CPU = Debug|Any CPU
		Release|Any CPU = Release|Any CPU
	EndGlobalSection
	GlobalSection(ProjectConfigurationPlatforms) = postSolution
		{DA7C5E45-2929-496D-BE30-B880F7C8F5AD}.Debug|Any CPU.ActiveCfg = Debug|Any CPU
		{DA7C5E45-2929-496D-BE30-B880F7C8F5AD}.Debug|Any CPU.Build.0 = Debug|Any CPU
		{DA7C5E45-2929-496D-BE30-B880F7C8F5AD}.Release|Any CPU.ActiveCfg = Release|Any CPU
		{DA7C5E45-2929-496D-BE30-B880F7C8F5AD}.Release|Any CPU.Build.0 = Release|Any CPU
	EndGlobalSection
	GlobalSection(SolutionProperties) = preSolution
		HideSolutionNode = FALSE
	EndGlobalSection
	GlobalSection(ExtensibilityGlobals) = postSolution
		SolutionGuid = {8A1EB1F9-DB2B-458E-AC7B-29190ADA3999}
	EndGlobalSection
EndGlobal
